
Microsoft Visual Studio Solution File, Format Version 12.00
# Visual Studio 14
VisualStudioVersion = 14.0.24720.0
MinimumVisualStudioVersion = 10.0.40219.1
Project("{FAE04EC0-301F-11D3-BF4B-00C04F79EFBC}") = "MatStudioROBOT2016", "MatStudioROBOT2016\MatStudioROBOT2016.csproj", "{0FEDFD30-A0C6-457B-83F1-C778876D0608}"
EndProject
Project("{FAE04EC0-301F-11D3-BF4B-00C04F79EFBC}") = "MatGUI", "MatGUI\MatGUI.csproj", "{CC46B3F2-34BB-4D26-B3A3-F04C96FD027B}"
EndProject
Project("{FAE04EC0-301F-11D3-BF4B-00C04F79EFBC}") = "MatFramework", "MatFramework\MatFramework.csproj", "{143AFDB9-464A-4C03-9005-AFA6452A1880}"
EndProject
Global
	GlobalSection(SolutionConfigurationPlatforms) = preSolution
		Debug|Any CPU = Debug|Any CPU
		Debug|x86 = Debug|x86
		Release|Any CPU = Release|Any CPU
		Release|x86 = Release|x86
	EndGlobalSection
	GlobalSection(ProjectConfigurationPlatforms) = postSolution
		{0FEDFD30-A0C6-457B-83F1-C778876D0608}.Debug|Any CPU.ActiveCfg = Debug|x86
		{0FEDFD30-A0C6-457B-83F1-C778876D0608}.Debug|x86.ActiveCfg = Debug|x86
		{0FEDFD30-A0C6-457B-83F1-C778876D0608}.Debug|x86.Build.0 = Debug|x86
		{0FEDFD30-A0C6-457B-83F1-C778876D0608}.Release|Any CPU.ActiveCfg = Release|x86
		{0FEDFD30-A0C6-457B-83F1-C778876D0608}.Release|x86.ActiveCfg = Release|x86
		{0FEDFD30-A0C6-457B-83F1-C778876D0608}.Release|x86.Build.0 = Release|x86
		{CC46B3F2-34BB-4D26-B3A3-F04C96FD027B}.Debug|Any CPU.ActiveCfg = Debug|Any CPU
		{CC46B3F2-34BB-4D26-B3A3-F04C96FD027B}.Debug|Any CPU.Build.0 = Debug|Any CPU
		{CC46B3F2-34BB-4D26-B3A3-F04C96FD027B}.Debug|x86.ActiveCfg = Debug|Any CPU
		{CC46B3F2-34BB-4D26-B3A3-F04C96FD027B}.Debug|x86.Build.0 = Debug|Any CPU
		{CC46B3F2-34BB-4D26-B3A3-F04C96FD027B}.Release|Any CPU.ActiveCfg = Release|Any CPU
		{CC46B3F2-34BB-4D26-B3A3-F04C96FD027B}.Release|Any CPU.Build.0 = Release|Any CPU
		{CC46B3F2-34BB-4D26-B3A3-F04C96FD027B}.Release|x86.ActiveCfg = Release|Any CPU
		{CC46B3F2-34BB-4D26-B3A3-F04C96FD027B}.Release|x86.Build.0 = Release|Any CPU
		{143AFDB9-464A-4C03-9005-AFA6452A1880}.Debug|Any CPU.ActiveCfg = Debug|Any CPU
		{143AFDB9-464A-4C03-9005-AFA6452A1880}.Debug|Any CPU.Build.0 = Debug|Any CPU
		{143AFDB9-464A-4C03-9005-AFA6452A1880}.Debug|x86.ActiveCfg = Debug|Any CPU
		{143AFDB9-464A-4C03-9005-AFA6452A1880}.Debug|x86.Build.0 = Debug|Any CPU
		{143AFDB9-464A-4C03-9005-AFA6452A1880}.Release|Any CPU.ActiveCfg = Release|Any CPU
		{143AFDB9-464A-4C03-9005-AFA6452A1880}.Release|Any CPU.Build.0 = Release|Any CPU
		{143AFDB9-464A-4C03-9005-AFA6452A1880}.Release|x86.ActiveCfg = Release|Any CPU
		{143AFDB9-464A-4C03-9005-AFA6452A1880}.Release|x86.Build.0 = Release|Any CPU
	EndGlobalSection
	GlobalSection(SolutionProperties) = preSolution
		HideSolutionNode = FALSE
	EndGlobalSection
EndGlobal
